// !$*UTF8*$!
{
	archiveVersion = 1;
	classes = {
	};
	objectVersion = 77;
	objects = {

/* Begin PBXBuildFile section */
		1ECB54722EE067C3007A240F /* FirebaseAI in Frameworks */ = {isa = PBXBuildFile; productRef = 1ECB54712EE067C3007A240F /* FirebaseAI */; };
		1ECB54742EE067C3007A240F /* FirebaseAnalytics in Frameworks */ = {isa = PBXBuildFile; productRef = 1ECB54732EE067C3007A240F /* FirebaseAnalytics */; };
		1ECB54762EE067C3007A240F /* FirebaseAnalyticsCore in Frameworks */ = {isa = PBXBuildFile; productRef = 1ECB54752EE067C3007A240F /* FirebaseAnalyticsCore */; };
		1ECB54782EE067C3007A240F /* FirebaseAnalyticsIdentitySupport in Frameworks */ = {isa = PBXBuildFile; productRef = 1ECB54772EE067C3007A240F /* FirebaseAnalyticsIdentitySupport */; };
		1ECB547A2EE067C3007A240F /* FirebaseAuth in Frameworks */ = {isa = PBXBuildFile; productRef = 1ECB54792EE067C3007A240F /* FirebaseAuth */; };
		1ECB547C2EE067C3007A240F /* FirebaseAuthCombine-Community in Frameworks */ = {isa = PBXBuildFile; productRef = 1ECB547B2EE067C3007A240F /* FirebaseAuthCombine-Community */; };
		1ECB547E2EE067C3007A240F /* FirebaseCore in Frameworks */ = {isa = PBXBuildFile; productRef = 1ECB547D2EE067C3007A240F /* FirebaseCore */; };
		1ECB54802EE067C3007A240F /* FirebaseDatabase in Frameworks */ = {isa = PBXBuildFile; productRef = 1ECB547F2EE067C3007A240F /* FirebaseDatabase */; };
		1ECB54822EE067C3007A240F /* FirebaseFirestore in Frameworks */ = {isa = PBXBuildFile; productRef = 1ECB54812EE067C3007A240F /* FirebaseFirestore */; };
		1ECB54842EE067C3007A240F /* FirebaseFirestoreCombine-Community in Frameworks */ = {isa = PBXBuildFile; productRef = 1ECB54832EE067C3007A240F /* FirebaseFirestoreCombine-Community */; };
		1ECB54862EE067C3007A240F /* FirebaseFunctions in Frameworks */ = {isa = PBXBuildFile; productRef = 1ECB54852EE067C3007A240F /* FirebaseFunctions */; };
		1ECB54882EE067C3007A240F /* FirebaseFunctionsCombine-Community in Frameworks */ = {isa = PBXBuildFile; productRef = 1ECB54872EE067C3007A240F /* FirebaseFunctionsCombine-Community */; };
		1ECB548A2EE067C3007A240F /* FirebaseInAppMessaging-Beta in Frameworks */ = {isa = PBXBuildFile; productRef = 1ECB54892EE067C3007A240F /* FirebaseInAppMessaging-Beta */; };
		1ECB548C2EE067C3007A240F /* FirebaseInstallations in Frameworks */ = {isa = PBXBuildFile; productRef = 1ECB548B2EE067C3007A240F /* FirebaseInstallations */; };
		1ECB548E2EE067C3007A240F /* FirebasePerformance in Frameworks */ = {isa = PBXBuildFile; productRef = 1ECB548D2EE067C3007A240F /* FirebasePerformance */; };
		1ECB54902EE067C3007A240F /* FirebaseRemoteConfig in Frameworks */ = {isa = PBXBuildFile; productRef = 1ECB548F2EE067C3007A240F /* FirebaseRemoteConfig */; };
		1ECB54922EE067C3007A240F /* FirebaseStorage in Frameworks */ = {isa = PBXBuildFile; productRef = 1ECB54912EE067C3007A240F /* FirebaseStorage */; };
		1ECB54942EE067C3007A240F /* FirebaseStorageCombine-Community in Frameworks */ = {isa = PBXBuildFile; productRef = 1ECB54932EE067C3007A240F /* FirebaseStorageCombine-Community */; };
/* End PBXBuildFile section */

/* Begin PBXFileReference section */
		1E5EBA702EDCEC7700F5FB0B /* Hookah.app */ = {isa = PBXFileReference; explicitFileType = wrapper.application; includeInIndex = 0; path = Hookah.app; sourceTree = BUILT_PRODUCTS_DIR; };
/* End PBXFileReference section */

/* Begin PBXFileSystemSynchronizedRootGroup section */
		1E5EBA722EDCEC7700F5FB0B /* Hookah */ = {
			isa = PBXFileSystemSynchronizedRootGroup;
			path = Hookah;
			sourceTree = "<group>";
		};
/* End PBXFileSystemSynchronizedRootGroup section */

/* Begin PBXFrameworksBuildPhase section */
		1E5EBA6D2EDCEC7700F5FB0B /* Frameworks */ = {
			isa = PBXFrameworksBuildPhase;
			buildActionMask = 2147483647;
			files = (
				1ECB548A2EE067C3007A240F /* FirebaseInAppMessaging-Beta in Frameworks */,
				1ECB548C2EE067C3007A240F /* FirebaseInstallations in Frameworks */,
				1ECB548E2EE067C3007A240F /* FirebasePerformance in Frameworks */,
				1ECB54782EE067C3007A240F /* FirebaseAnalyticsIdentitySupport in Frameworks */,
				1ECB547C2EE067C3007A240F /* FirebaseAuthCombine-Community in Frameworks */,
				1ECB547A2EE067C3007A240F /* FirebaseAuth in Frameworks */,
				1ECB54842EE067C3007A240F /* FirebaseFirestoreCombine-Community in Frameworks */,
				1ECB54902EE067C3007A240F /* FirebaseRemoteConfig in Frameworks */,
				1ECB54742EE067C3007A240F /* FirebaseAnalytics in Frameworks */,
				1ECB547E2EE067C3007A240F /* FirebaseCore in Frameworks */,
				1ECB54822EE067C3007A240F /* FirebaseFirestore in Frameworks */,
				1ECB54762EE067C3007A240F /* FirebaseAnalyticsCore in Frameworks */,
				1ECB54922EE067C3007A240F /* FirebaseStorage in Frameworks */,
				1ECB54802EE067C3007A240F /* FirebaseDatabase in Frameworks */,
				1ECB54862EE067C3007A240F /* FirebaseFunctions in Frameworks */,
				1ECB54722EE067C3007A240F /* FirebaseAI in Frameworks */,
				1ECB54942EE067C3007A240F /* FirebaseStorageCombine-Community in Frameworks */,
				1ECB54882EE067C3007A240F /* FirebaseFunctionsCombine-Community in Frameworks */,
			);
			runOnlyForDeploymentPostprocessing = 0;
		};
/* End PBXFrameworksBuildPhase section */

/* Begin PBXGroup section */
		1E5EBA672EDCEC7700F5FB0B = {
			isa = PBXGroup;
			children = (
				1E5EBA722EDCEC7700F5FB0B /* Hookah */,
				1E5EBA712EDCEC7700F5FB0B /* Products */,
			);
			sourceTree = "<group>";
		};
		1E5EBA712EDCEC7700F5FB0B /* Products */ = {
			isa = PBXGroup;
			children = (
				1E5EBA702EDCEC7700F5FB0B /* Hookah.app */,
			);
			name = Products;
			sourceTree = "<group>";
		};
/* End PBXGroup section */

/* Begin PBXNativeTarget section */
		1E5EBA6F2EDCEC7700F5FB0B /* Hookah */ = {
			isa = PBXNativeTarget;
			buildConfigurationList = 1E5EBA7B2EDCEC7800F5FB0B /* Build configuration list for PBXNativeTarget "Hookah" */;
			buildPhases = (
				1E5EBA6C2EDCEC7700F5FB0B /* Sources */,
				1E5EBA6D2EDCEC7700F5FB0B /* Frameworks */,
				1E5EBA6E2EDCEC7700F5FB0B /* Resources */,
			);
			buildRules = (
			);
			dependencies = (
			);
			fileSystemSynchronizedGroups = (
				1E5EBA722EDCEC7700F5FB0B /* Hookah */,
			);
			name = Hookah;
			packageProductDependencies = (
				1ECB54712EE067C3007A240F /* FirebaseAI */,
				1ECB54732EE067C3007A240F /* FirebaseAnalytics */,
				1ECB54752EE067C3007A240F /* FirebaseAnalyticsCore */,
				1ECB54772EE067C3007A240F /* FirebaseAnalyticsIdentitySupport */,
				1ECB54792EE067C3007A240F /* FirebaseAuth */,
				1ECB547B2EE067C3007A240F /* FirebaseAuthCombine-Community */,
				1ECB547D2EE067C3007A240F /* FirebaseCore */,
				1ECB547F2EE067C3007A240F /* FirebaseDatabase */,
				1ECB54812EE067C3007A240F /* FirebaseFirestore */,
				1ECB54832EE067C3007A240F /* FirebaseFirestoreCombine-Community */,
				1ECB54852EE067C3007A240F /* FirebaseFunctions */,
				1ECB54872EE067C3007A240F /* FirebaseFunctionsCombine-Community */,
				1ECB54892EE067C3007A240F /* FirebaseInAppMessaging-Beta */,
				1ECB548B2EE067C3007A240F /* FirebaseInstallations */,
				1ECB548D2EE067C3007A240F /* FirebasePerformance */,
				1ECB548F2EE067C3007A240F /* FirebaseRemoteConfig */,
				1ECB54912EE067C3007A240F /* FirebaseStorage */,
				1ECB54932EE067C3007A240F /* FirebaseStorageCombine-Community */,
			);
			productName = Hookah;
			productReference = 1E5EBA702EDCEC7700F5FB0B /* Hookah.app */;
			productType = "com.apple.product-type.application";
		};
/* End PBXNativeTarget section */

/* Begin PBXProject section */
		1E5EBA682EDCEC7700F5FB0B /* Project object */ = {
			isa = PBXProject;
			attributes = {
				BuildIndependentTargetsInParallel = 1;
				LastSwiftUpdateCheck = 2600;
				LastUpgradeCheck = 2600;
				TargetAttributes = {
					1E5EBA6F2EDCEC7700F5FB0B = {
						CreatedOnToolsVersion = 26.0.1;
					};
				};
			};
			buildConfigurationList = 1E5EBA6B2EDCEC7700F5FB0B /* Build configuration list for PBXProject "Hookah" */;
			developmentRegion = en;
			hasScannedForEncodings = 0;
			knownRegions = (
				en,
				Base,
			);
			mainGroup = 1E5EBA672EDCEC7700F5FB0B;
			minimizedProjectReferenceProxies = 1;
			packageReferences = (
				1ECB54702EE067C3007A240F /* XCRemoteSwiftPackageReference "firebase-ios-sdk" */,
			);
			preferredProjectObjectVersion = 77;
			productRefGroup = 1E5EBA712EDCEC7700F5FB0B /* Products */;
			projectDirPath = "";
			projectRoot = "";
			targets = (
				1E5EBA6F2EDCEC7700F5FB0B /* Hookah */,
			);
		};
/* End PBXProject section */

/* Begin PBXResourcesBuildPhase section */
		1E5EBA6E2EDCEC7700F5FB0B /* Resources */ = {
			isa = PBXResourcesBuildPhase;
			buildActionMask = 2147483647;
			files = (
			);
			runOnlyForDeploymentPostprocessing = 0;
		};
/* End PBXResourcesBuildPhase section */

/* Begin PBXSourcesBuildPhase section */
		1E5EBA6C2EDCEC7700F5FB0B /* Sources */ = {
			isa = PBXSourcesBuildPhase;
			buildActionMask = 2147483647;
			files = (
			);
			runOnlyForDeploymentPostprocessing = 0;
		};
/* End PBXSourcesBuildPhase section */

/* Begin XCBuildConfiguration section */
		1E5EBA792EDCEC7800F5FB0B /* Debug */ = {
			isa = XCBuildConfiguration;
			buildSettings = {
				ALWAYS_SEARCH_USER_PATHS = NO;
				ASSETCATALOG_COMPILER_GENERATE_SWIFT_ASSET_SYMBOL_EXTENSIONS = YES;
				CLANG_ANALYZER_NONNULL = YES;
				CLANG_ANALYZER_NUMBER_OBJECT_CONVERSION = YES_AGGRESSIVE;
				CLANG_CXX_LANGUAGE_STANDARD = "gnu++20";
				CLANG_ENABLE_MODULES = YES;
				CLANG_ENABLE_OBJC_ARC = YES;
				CLANG_ENABLE_OBJC_WEAK = YES;
				CLANG_WARN_BLOCK_CAPTURE_AUTORELEASING = YES;
				CLANG_WARN_BOOL_CONVERSION = YES;
				CLANG_WARN_COMMA = YES;
				CLANG_WARN_CONSTANT_CONVERSION = YES;
				CLANG_WARN_DEPRECATED_OBJC_IMPLEMENTATIONS = YES;
				CLANG_WARN_DIRECT_OBJC_ISA_USAGE = YES_ERROR;
				CLANG_WARN_DOCUMENTATION_COMMENTS = YES;
				CLANG_WARN_EMPTY_BODY = YES;
				CLANG_WARN_ENUM_CONVERSION = YES;
				CLANG_WARN_INFINITE_RECURSION = YES;
				CLANG_WARN_INT_CONVERSION = YES;
				CLANG_WARN_NON_LITERAL_NULL_CONVERSION = YES;
				CLANG_WARN_OBJC_IMPLICIT_RETAIN_SELF = YES;
				CLANG_WARN_OBJC_LITERAL_CONVERSION = YES;
				CLANG_WARN_OBJC_ROOT_CLASS = YES_ERROR;
				CLANG_WARN_QUOTED_INCLUDE_IN_FRAMEWORK_HEADER = YES;
				CLANG_WARN_RANGE_LOOP_ANALYSIS = YES;
				CLANG_WARN_STRICT_PROTOTYPES = YES;
				CLANG_WARN_SUSPICIOUS_MOVE = YES;
				CLANG_WARN_UNGUARDED_AVAILABILITY = YES_AGGRESSIVE;
				CLANG_WARN_UNREACHABLE_CODE = YES;
				CLANG_WARN__DUPLICATE_METHOD_MATCH = YES;
				COPY_PHASE_STRIP = NO;
				DEBUG_INFORMATION_FORMAT = dwarf;
				DEVELOPMENT_TEAM = 5KJAHJWA4F;
				ENABLE_STRICT_OBJC_MSGSEND = YES;
				ENABLE_TESTABILITY = YES;
				ENABLE_USER_SCRIPT_SANDBOXING = YES;
				GCC_C_LANGUAGE_STANDARD = gnu17;
				GCC_DYNAMIC_NO_PIC = NO;
				GCC_NO_COMMON_BLOCKS = YES;
				GCC_OPTIMIZATION_LEVEL = 0;
				GCC_PREPROCESSOR_DEFINITIONS = (
					"DEBUG=1",
					"$(inherited)",
				);
				GCC_WARN_64_TO_32_BIT_CONVERSION = YES;
				GCC_WARN_ABOUT_RETURN_TYPE = YES_ERROR;
				GCC_WARN_UNDECLARED_SELECTOR = YES;
				GCC_WARN_UNINITIALIZED_AUTOS = YES_AGGRESSIVE;
				GCC_WARN_UNUSED_FUNCTION = YES;
				GCC_WARN_UNUSED_VARIABLE = YES;
				IPHONEOS_DEPLOYMENT_TARGET = 26.0;
				LOCALIZATION_PREFERS_STRING_CATALOGS = YES;
				MTL_ENABLE_DEBUG_INFO = INCLUDE_SOURCE;
				MTL_FAST_MATH = YES;
				ONLY_ACTIVE_ARCH = YES;
				SDKROOT = iphoneos;
				SWIFT_ACTIVE_COMPILATION_CONDITIONS = "DEBUG $(inherited)";
				SWIFT_OPTIMIZATION_LEVEL = "-Onone";
			};
			name = Debug;
		};
		1E5EBA7A2EDCEC7800F5FB0B /* Release */ = {
			isa = XCBuildConfiguration;
			buildSettings = {
				ALWAYS_SEARCH_USER_PATHS = NO;
				ASSETCATALOG_COMPILER_GENERATE_SWIFT_ASSET_SYMBOL_EXTENSIONS = YES;
				CLANG_ANALYZER_NONNULL = YES;
				CLANG_ANALYZER_NUMBER_OBJECT_CONVERSION = YES_AGGRESSIVE;
				CLANG_CXX_LANGUAGE_STANDARD = "gnu++20";
				CLANG_ENABLE_MODULES = YES;
				CLANG_ENABLE_OBJC_ARC = YES;
				CLANG_ENABLE_OBJC_WEAK = YES;
				CLANG_WARN_BLOCK_CAPTURE_AUTORELEASING = YES;
				CLANG_WARN_BOOL_CONVERSION = YES;
				CLANG_WARN_COMMA = YES;
				CLANG_WARN_CONSTANT_CONVERSION = YES;
				CLANG_WARN_DEPRECATED_OBJC_IMPLEMENTATIONS = YES;
				CLANG_WARN_DIRECT_OBJC_ISA_USAGE = YES_ERROR;
				CLANG_WARN_DOCUMENTATION_COMMENTS = YES;
				CLANG_WARN_EMPTY_BODY = YES;
				CLANG_WARN_ENUM_CONVERSION = YES;
				CLANG_WARN_INFINITE_RECURSION = YES;
				CLANG_WARN_INT_CONVERSION = YES;
				CLANG_WARN_NON_LITERAL_NULL_CONVERSION = YES;
				CLANG_WARN_OBJC_IMPLICIT_RETAIN_SELF = YES;
				CLANG_WARN_OBJC_LITERAL_CONVERSION = YES;
				CLANG_WARN_OBJC_ROOT_CLASS = YES_ERROR;
				CLANG_WARN_QUOTED_INCLUDE_IN_FRAMEWORK_HEADER = YES;
				CLANG_WARN_RANGE_LOOP_ANALYSIS = YES;
				CLANG_WARN_STRICT_PROTOTYPES = YES;
				CLANG_WARN_SUSPICIOUS_MOVE = YES;
				CLANG_WARN_UNGUARDED_AVAILABILITY = YES_AGGRESSIVE;
				CLANG_WARN_UNREACHABLE_CODE = YES;
				CLANG_WARN__DUPLICATE_METHOD_MATCH = YES;
				COPY_PHASE_STRIP = NO;
				DEBUG_INFORMATION_FORMAT = "dwarf-with-dsym";
				DEVELOPMENT_TEAM = 5KJAHJWA4F;
				ENABLE_NS_ASSERTIONS = NO;
				ENABLE_STRICT_OBJC_MSGSEND = YES;
				ENABLE_USER_SCRIPT_SANDBOXING = YES;
				GCC_C_LANGUAGE_STANDARD = gnu17;
				GCC_NO_COMMON_BLOCKS = YES;
				GCC_WARN_64_TO_32_BIT_CONVERSION = YES;
				GCC_WARN_ABOUT_RETURN_TYPE = YES_ERROR;
				GCC_WARN_UNDECLARED_SELECTOR = YES;
				GCC_WARN_UNINITIALIZED_AUTOS = YES_AGGRESSIVE;
				GCC_WARN_UNUSED_FUNCTION = YES;
				GCC_WARN_UNUSED_VARIABLE = YES;
				IPHONEOS_DEPLOYMENT_TARGET = 26.0;
				LOCALIZATION_PREFERS_STRING_CATALOGS = YES;
				MTL_ENABLE_DEBUG_INFO = NO;
				MTL_FAST_MATH = YES;
				SDKROOT = iphoneos;
				SWIFT_COMPILATION_MODE = wholemodule;
				VALIDATE_PRODUCT = YES;
			};
			name = Release;
		};
		1E5EBA7C2EDCEC7800F5FB0B /* Debug */ = {
			isa = XCBuildConfiguration;
			buildSettings = {
				ASSETCATALOG_COMPILER_APPICON_NAME = AppIcon;
				ASSETCATALOG_COMPILER_GLOBAL_ACCENT_COLOR_NAME = AccentColor;
				CODE_SIGN_IDENTITY = "Apple Development";
				CODE_SIGN_STYLE = Automatic;
				CURRENT_PROJECT_VERSION = 1;
				DEVELOPMENT_TEAM = 5KJAHJWA4F;
				ENABLE_PREVIEWS = YES;
				GENERATE_INFOPLIST_FILE = YES;
				INFOPLIST_KEY_UIApplicationSceneManifest_Generation = YES;
				INFOPLIST_KEY_UIApplicationSupportsIndirectInputEvents = YES;
				INFOPLIST_KEY_UILaunchScreen_Generation = YES;
				INFOPLIST_KEY_UISupportedInterfaceOrientations_iPad = "UIInterfaceOrientationPortrait UIInterfaceOrientationPortraitUpsideDown UIInterfaceOrientationLandscapeLeft UIInterfaceOrientationLandscapeRight";
				INFOPLIST_KEY_UISupportedInterfaceOrientations_iPhone = "UIInterfaceOrientationPortrait UIInterfaceOrientationLandscapeLeft UIInterfaceOrientationLandscapeRight";
				LD_RUNPATH_SEARCH_PATHS = (
					"$(inherited)",
					"@executable_path/Frameworks",
				);
				MARKETING_VERSION = 1.0;
				PRODUCT_BUNDLE_IDENTIFIER = com.Hookah;
				PRODUCT_NAME = "$(TARGET_NAME)";
				PROVISIONING_PROFILE_SPECIFIER = "";
				STRING_CATALOG_GENERATE_SYMBOLS = YES;
				SWIFT_APPROACHABLE_CONCURRENCY = YES;
				SWIFT_DEFAULT_ACTOR_ISOLATION = MainActor;
				SWIFT_EMIT_LOC_STRINGS = YES;
				SWIFT_UPCOMING_FEATURE_MEMBER_IMPORT_VISIBILITY = YES;
				SWIFT_VERSION = 5.0;
				TARGETED_DEVICE_FAMILY = "1,2";
			};
			name = Debug;
		};
		1E5EBA7D2EDCEC7800F5FB0B /* Release */ = {
			isa = XCBuildConfiguration;
			buildSettings = {
				ASSETCATALOG_COMPILER_APPICON_NAME = AppIcon;
				ASSETCATALOG_COMPILER_GLOBAL_ACCENT_COLOR_NAME = AccentColor;
				CODE_SIGN_IDENTITY = "Apple Development";
				CODE_SIGN_STYLE = Automatic;
				CURRENT_PROJECT_VERSION = 1;
				DEVELOPMENT_TEAM = 5KJAHJWA4F;
				ENABLE_PREVIEWS = YES;
				GENERATE_INFOPLIST_FILE = YES;
				INFOPLIST_KEY_UIApplicationSceneManifest_Generation = YES;
				INFOPLIST_KEY_UIApplicationSupportsIndirectInputEvents = YES;
				INFOPLIST_KEY_UILaunchScreen_Generation = YES;
				INFOPLIST_KEY_UISupportedInterfaceOrientations_iPad = "UIInterfaceOrientationPortrait UIInterfaceOrientationPortraitUpsideDown UIInterfaceOrientationLandscapeLeft UIInterfaceOrientationLandscapeRight";
				INFOPLIST_KEY_UISupportedInterfaceOrientations_iPhone = "UIInterfaceOrientationPortrait UIInterfaceOrientationLandscapeLeft UIInterfaceOrientationLandscapeRight";
				LD_RUNPATH_SEARCH_PATHS = (
					"$(inherited)",
					"@executable_path/Frameworks",
				);
				MARKETING_VERSION = 1.0;
				PRODUCT_BUNDLE_IDENTIFIER = com.Hookah;
				PRODUCT_NAME = "$(TARGET_NAME)";
				PROVISIONING_PROFILE_SPECIFIER = "";
				STRING_CATALOG_GENERATE_SYMBOLS = YES;
				SWIFT_APPROACHABLE_CONCURRENCY = YES;
				SWIFT_DEFAULT_ACTOR_ISOLATION = MainActor;
				SWIFT_EMIT_LOC_STRINGS = YES;
				SWIFT_UPCOMING_FEATURE_MEMBER_IMPORT_VISIBILITY = YES;
				SWIFT_VERSION = 5.0;
				TARGETED_DEVICE_FAMILY = "1,2";
			};
			name = Release;
		};
/* End XCBuildConfiguration section */

/* Begin XCConfigurationList section */
		1E5EBA6B2EDCEC7700F5FB0B /* Build configuration list for PBXProject "Hookah" */ = {
			isa = XCConfigurationList;
			buildConfigurations = (
				1E5EBA792EDCEC7800F5FB0B /* Debug */,
				1E5EBA7A2EDCEC7800F5FB0B /* Release */,
			);
			defaultConfigurationIsVisible = 0;
			defaultConfigurationName = Release;
		};
		1E5EBA7B2EDCEC7800F5FB0B /* Build configuration list for PBXNativeTarget "Hookah" */ = {
			isa = XCConfigurationList;
			buildConfigurations = (
				1E5EBA7C2EDCEC7800F5FB0B /* Debug */,
				1E5EBA7D2EDCEC7800F5FB0B /* Release */,
			);
			defaultConfigurationIsVisible = 0;
			defaultConfigurationName = Release;
		};
/* End XCConfigurationList section */

/* Begin XCRemoteSwiftPackageReference section */
		1ECB54702EE067C3007A240F /* XCRemoteSwiftPackageReference "firebase-ios-sdk" */ = {
			isa = XCRemoteSwiftPackageReference;
			repositoryURL = "https://github.com/firebase/firebase-ios-sdk.git";
			requirement = {
				kind = upToNextMajorVersion;
				minimumVersion = 12.6.0;
			};
		};
/* End XCRemoteSwiftPackageReference section */

/* Begin XCSwiftPackageProductDependency section */
		1ECB54712EE067C3007A240F /* FirebaseAI */ = {
			isa = XCSwiftPackageProductDependency;
			package = 1ECB54702EE067C3007A240F /* XCRemoteSwiftPackageReference "firebase-ios-sdk" */;
			productName = FirebaseAI;
		};
		1ECB54732EE067C3007A240F /* FirebaseAnalytics */ = {
			isa = XCSwiftPackageProductDependency;
			package = 1ECB54702EE067C3007A240F /* XCRemoteSwiftPackageReference "firebase-ios-sdk" */;
			productName = FirebaseAnalytics;
		};
		1ECB54752EE067C3007A240F /* FirebaseAnalyticsCore */ = {
			isa = XCSwiftPackageProductDependency;
			package = 1ECB54702EE067C3007A240F /* XCRemoteSwiftPackageReference "firebase-ios-sdk" */;
			productName = FirebaseAnalyticsCore;
		};
		1ECB54772EE067C3007A240F /* FirebaseAnalyticsIdentitySupport */ = {
			isa = XCSwiftPackageProductDependency;
			package = 1ECB54702EE067C3007A240F /* XCRemoteSwiftPackageReference "firebase-ios-sdk" */;
			productName = FirebaseAnalyticsIdentitySupport;
		};
		1ECB54792EE067C3007A240F /* FirebaseAuth */ = {
			isa = XCSwiftPackageProductDependency;
			package = 1ECB54702EE067C3007A240F /* XCRemoteSwiftPackageReference "firebase-ios-sdk" */;
			productName = FirebaseAuth;
		};
		1ECB547B2EE067C3007A240F /* FirebaseAuthCombine-Community */ = {
			isa = XCSwiftPackageProductDependency;
			package = 1ECB54702EE067C3007A240F /* XCRemoteSwiftPackageReference "firebase-ios-sdk" */;
			productName = "FirebaseAuthCombine-Community";
		};
		1ECB547D2EE067C3007A240F /* FirebaseCore */ = {
			isa = XCSwiftPackageProductDependency;
			package = 1ECB54702EE067C3007A240F /* XCRemoteSwiftPackageReference "firebase-ios-sdk" */;
			productName = FirebaseCore;
		};
		1ECB547F2EE067C3007A240F /* FirebaseDatabase */ = {
			isa = XCSwiftPackageProductDependency;
			package = 1ECB54702EE067C3007A240F /* XCRemoteSwiftPackageReference "firebase-ios-sdk" */;
			productName = FirebaseDatabase;
		};
		1ECB54812EE067C3007A240F /* FirebaseFirestore */ = {
			isa = XCSwiftPackageProductDependency;
			package = 1ECB54702EE067C3007A240F /* XCRemoteSwiftPackageReference "firebase-ios-sdk" */;
			productName = FirebaseFirestore;
		};
		1ECB54832EE067C3007A240F /* FirebaseFirestoreCombine-Community */ = {
			isa = XCSwiftPackageProductDependency;
			package = 1ECB54702EE067C3007A240F /* XCRemoteSwiftPackageReference "firebase-ios-sdk" */;
			productName = "FirebaseFirestoreCombine-Community";
		};
		1ECB54852EE067C3007A240F /* FirebaseFunctions */ = {
			isa = XCSwiftPackageProductDependency;
			package = 1ECB54702EE067C3007A240F /* XCRemoteSwiftPackageReference "firebase-ios-sdk" */;
			productName = FirebaseFunctions;
		};
		1ECB54872EE067C3007A240F /* FirebaseFunctionsCombine-Community */ = {
			isa = XCSwiftPackageProductDependency;
			package = 1ECB54702EE067C3007A240F /* XCRemoteSwiftPackageReference "firebase-ios-sdk" */;
			productName = "FirebaseFunctionsCombine-Community";
		};
		1ECB54892EE067C3007A240F /* FirebaseInAppMessaging-Beta */ = {
			isa = XCSwiftPackageProductDependency;
			package = 1ECB54702EE067C3007A240F /* XCRemoteSwiftPackageReference "firebase-ios-sdk" */;
			productName = "FirebaseInAppMessaging-Beta";
		};
		1ECB548B2EE067C3007A240F /* FirebaseInstallations */ = {
			isa = XCSwiftPackageProductDependency;
			package = 1ECB54702EE067C3007A240F /* XCRemoteSwiftPackageReference "firebase-ios-sdk" */;
			productName = FirebaseInstallations;
		};
		1ECB548D2EE067C3007A240F /* FirebasePerformance */ = {
			isa = XCSwiftPackageProductDependency;
			package = 1ECB54702EE067C3007A240F /* XCRemoteSwiftPackageReference "firebase-ios-sdk" */;
			productName = FirebasePerformance;
		};
		1ECB548F2EE067C3007A240F /* FirebaseRemoteConfig */ = {
			isa = XCSwiftPackageProductDependency;
			package = 1ECB54702EE067C3007A240F /* XCRemoteSwiftPackageReference "firebase-ios-sdk" */;
			productName = FirebaseRemoteConfig;
		};
		1ECB54912EE067C3007A240F /* FirebaseStorage */ = {
			isa = XCSwiftPackageProductDependency;
			package = 1ECB54702EE067C3007A240F /* XCRemoteSwiftPackageReference "firebase-ios-sdk" */;
			productName = FirebaseStorage;
		};
		1ECB54932EE067C3007A240F /* FirebaseStorageCombine-Community */ = {
			isa = XCSwiftPackageProductDependency;
			package = 1ECB54702EE067C3007A240F /* XCRemoteSwiftPackageReference "firebase-ios-sdk" */;
			productName = "FirebaseStorageCombine-Community";
		};
/* End XCSwiftPackageProductDependency section */
	};
	rootObject = 1E5EBA682EDCEC7700F5FB0B /* Project object */;
}
